
Microsoft Visual Studio Solution File, Format Version 12.00
# Visual Studio Version 16
VisualStudioVersion = 16.0.31005.135
MinimumVisualStudioVersion = 10.0.40219.1
Project("{FAE04EC0-301F-11D3-BF4B-00C04F79EFBC}") = "WebdriverTestProject", "WebdriverTestProject\WebdriverTestProject.csproj", "{B410DEF0-832F-41A9-B94A-1FD247728496}"
EndProject
Global
	GlobalSection(SolutionConfigurationPlatforms) = preSolution
		Debug|Any CPU = Debug|Any CPU
		Release|Any CPU = Release|Any CPU
	EndGlobalSection
	GlobalSection(ProjectConfigurationPlatforms) = postSolution
		{B410DEF0-832F-41A9-B94A-1FD247728496}.Debug|Any CPU.ActiveCfg = Debug|Any CPU
		{B410DEF0-832F-41A9-B94A-1FD247728496}.Debug|Any CPU.Build.0 = Debug|Any CPU
		{B410DEF0-832F-41A9-B94A-1FD247728496}.Release|Any CPU.ActiveCfg = Release|Any CPU
		{B410DEF0-832F-41A9-B94A-1FD247728496}.Release|Any CPU.Build.0 = Release|Any CPU
	EndGlobalSection
	GlobalSection(SolutionProperties) = preSolution
		HideSolutionNode = FALSE
	EndGlobalSection
	GlobalSection(ExtensibilityGlobals) = postSolution
		SolutionGuid = {D2CD2629-50B6-41FD-86BB-430FA8F4AB2E}
	EndGlobalSection
EndGlobal
